<Solution>
  <Project Path="betch/betch.csproj" Id="81fdce2e-f8cc-40c4-8eb2-fd1c13008b45" />
  <Project Path="ClassLibrary2/ClassLibrary2.csproj" Id="f244e1d3-a4a0-4ef9-b6d6-0eb568dc3848" />
  <Project Path="test2/test2.csproj" />
  <Project Path="testlibrary/testlibrary.csproj" Id="a163077a-cb3b-4ed4-afe4-5d535b2eba1f" />
</Solution>
